
Microsoft Visual Studio Solution File, Format Version 12.00
# Visual Studio Version 16
VisualStudioVersion = 16.0.31229.75
MinimumVisualStudioVersion = 10.0.40219.1
Project("{9A19103F-16F7-4668-BE54-9A1E7A4F7556}") = "StaffPortal", "StaffPortal\StaffPortal.csproj", "{942AB8EF-D6AD-4D00-8A7E-18E9A0208804}"
EndProject
Global
	GlobalSection(SolutionConfigurationPlatforms) = preSolution
		Debug|Any CPU = Debug|Any CPU
		Release|Any CPU = Release|Any CPU
	EndGlobalSection
	GlobalSection(ProjectConfigurationPlatforms) = postSolution
		{942AB8EF-D6AD-4D00-8A7E-18E9A0208804}.Debug|Any CPU.ActiveCfg = Debug|Any CPU
		{942AB8EF-D6AD-4D00-8A7E-18E9A0208804}.Debug|Any CPU.Build.0 = Debug|Any CPU
		{942AB8EF-D6AD-4D00-8A7E-18E9A0208804}.Release|Any CPU.ActiveCfg = Release|Any CPU
		{942AB8EF-D6AD-4D00-8A7E-18E9A0208804}.Release|Any CPU.Build.0 = Release|Any CPU
	EndGlobalSection
	GlobalSection(SolutionProperties) = preSolution
		HideSolutionNode = FALSE
	EndGlobalSection
	GlobalSection(ExtensibilityGlobals) = postSolution
		SolutionGuid = {6E4B7912-F0E6-45E3-8F7E-263262070248}
	EndGlobalSection
EndGlobal
